
Microsoft Visual Studio Solution File, Format Version 12.00
# Visual Studio Version 17
VisualStudioVersion = 17.3.32922.545
MinimumVisualStudioVersion = 10.0.40219.1
Project("{FAE04EC0-301F-11D3-BF4B-00C04F79EFBC}") = "Project", "Project.csproj", "{54B26A1F-906A-461C-BD87-4C4593935294}"
EndProject
Global
	GlobalSection(SolutionConfigurationPlatforms) = preSolution
		Debug|Any CPU = Debug|Any CPU
		Release|Any CPU = Release|Any CPU
	EndGlobalSection
	GlobalSection(ProjectConfigurationPlatforms) = postSolution
		{54B26A1F-906A-461C-BD87-4C4593935294}.Debug|Any CPU.ActiveCfg = Debug|Any CPU
		{54B26A1F-906A-461C-BD87-4C4593935294}.Debug|Any CPU.Build.0 = Debug|Any CPU
		{54B26A1F-906A-461C-BD87-4C4593935294}.Release|Any CPU.ActiveCfg = Release|Any CPU
		{54B26A1F-906A-461C-BD87-4C4593935294}.Release|Any CPU.Build.0 = Release|Any CPU
	EndGlobalSection
	GlobalSection(SolutionProperties) = preSolution
		HideSolutionNode = FALSE
	EndGlobalSection
	GlobalSection(ExtensibilityGlobals) = postSolution
		SolutionGuid = {8CBBAE83-4594-422F-B931-C9A7242B3AD0}
	EndGlobalSection
EndGlobal
